// !$*UTF8*$!
{
	archiveVersion = 1;
	classes = {
	};
	objectVersion = 50;
	objects = {

/* Begin PBXBuildFile section */
		AD25DC85235C26D7002ABD22 /* RSSChannelPresenter.swift in Sources */ = {isa = PBXBuildFile; fileRef = ADCC5CF9235C21040018CC3E /* RSSChannelPresenter.swift */; };
		AD25DC87235C26F8002ABD22 /* RSSChannelService.swift in Sources */ = {isa = PBXBuildFile; fileRef = AD25DC86235C26F8002ABD22 /* RSSChannelService.swift */; };
		AD25DC8A235CE569002ABD22 /* RSSFeedTableViewController.swift in Sources */ = {isa = PBXBuildFile; fileRef = AD25DC89235CE569002ABD22 /* RSSFeedTableViewController.swift */; };
		AD25DC8C235CE946002ABD22 /* RSSFeed.swift in Sources */ = {isa = PBXBuildFile; fileRef = AD25DC8B235CE946002ABD22 /* RSSFeed.swift */; };
		AD25DC8E235CE9A9002ABD22 /* RSSFeedPresenter.swift in Sources */ = {isa = PBXBuildFile; fileRef = AD25DC8D235CE9A9002ABD22 /* RSSFeedPresenter.swift */; };
		AD25DCA0235CF60C002ABD22 /* RSSFeedTableViewCell.swift in Sources */ = {isa = PBXBuildFile; fileRef = AD25DC9F235CF60C002ABD22 /* RSSFeedTableViewCell.swift */; };
		AD25DCA2235CFD13002ABD22 /* RSSFeedService.swift in Sources */ = {isa = PBXBuildFile; fileRef = AD25DCA1235CFD13002ABD22 /* RSSFeedService.swift */; };
		AD25DCA5235CFE65002ABD22 /* XMLFeedParser.swift in Sources */ = {isa = PBXBuildFile; fileRef = AD25DCA4235CFE65002ABD22 /* XMLFeedParser.swift */; };
		AD7159F6235FC3DC00F41D7D /* DateDisplayParser.swift in Sources */ = {isa = PBXBuildFile; fileRef = AD7159F5235FC3DC00F41D7D /* DateDisplayParser.swift */; };
		ADBB9957235E02AA000E767F /* RSSFeedMap.swift in Sources */ = {isa = PBXBuildFile; fileRef = ADBB9956235E02AA000E767F /* RSSFeedMap.swift */; };
		ADBB995A235E1376000E767F /* CommonWebViewController.swift in Sources */ = {isa = PBXBuildFile; fileRef = ADBB9959235E1376000E767F /* CommonWebViewController.swift */; };
		ADCC5CBB235BAF080018CC3E /* AppDelegate.swift in Sources */ = {isa = PBXBuildFile; fileRef = ADCC5CBA235BAF080018CC3E /* AppDelegate.swift */; };
		ADCC5CBD235BAF080018CC3E /* SceneDelegate.swift in Sources */ = {isa = PBXBuildFile; fileRef = ADCC5CBC235BAF080018CC3E /* SceneDelegate.swift */; };
		ADCC5CC2235BAF080018CC3E /* Main.storyboard in Resources */ = {isa = PBXBuildFile; fileRef = ADCC5CC0235BAF080018CC3E /* Main.storyboard */; };
		ADCC5CC4235BAF080018CC3E /* Assets.xcassets in Resources */ = {isa = PBXBuildFile; fileRef = ADCC5CC3235BAF080018CC3E /* Assets.xcassets */; };
		ADCC5CC7235BAF080018CC3E /* LaunchScreen.storyboard in Resources */ = {isa = PBXBuildFile; fileRef = ADCC5CC5235BAF080018CC3E /* LaunchScreen.storyboard */; };
		ADCC5CD2235BAF090018CC3E /* WSJ_RSSTests.swift in Sources */ = {isa = PBXBuildFile; fileRef = ADCC5CD1235BAF090018CC3E /* WSJ_RSSTests.swift */; };
		ADCC5CDD235BAF090018CC3E /* WSJ_RSSUITests.swift in Sources */ = {isa = PBXBuildFile; fileRef = ADCC5CDC235BAF090018CC3E /* WSJ_RSSUITests.swift */; };
		ADCC5CEC235BAF800018CC3E /* RSSChannel.swift in Sources */ = {isa = PBXBuildFile; fileRef = ADCC5CEB235BAF800018CC3E /* RSSChannel.swift */; };
		ADCC5CF1235BB0C20018CC3E /* RSSChannelTableViewController.swift in Sources */ = {isa = PBXBuildFile; fileRef = ADCC5CF0235BB0C20018CC3E /* RSSChannelTableViewController.swift */; };
		ADCC5CF3235BB4FF0018CC3E /* RSSChannelTableViewCell.swift in Sources */ = {isa = PBXBuildFile; fileRef = ADCC5CF2235BB4FF0018CC3E /* RSSChannelTableViewCell.swift */; };
		ADCC5CF6235BC6500018CC3E /* channels.plist in Resources */ = {isa = PBXBuildFile; fileRef = ADCC5CF5235BC6500018CC3E /* channels.plist */; };
		ADCC5CF8235BF5230018CC3E /* DataExtractor.swift in Sources */ = {isa = PBXBuildFile; fileRef = ADCC5CF7235BF5230018CC3E /* DataExtractor.swift */; };
/* End PBXBuildFile section */

/* Begin PBXContainerItemProxy section */
		ADCC5CCE235BAF090018CC3E /* PBXContainerItemProxy */ = {
			isa = PBXContainerItemProxy;
			containerPortal = ADCC5CAF235BAF080018CC3E /* Project object */;
			proxyType = 1;
			remoteGlobalIDString = ADCC5CB6235BAF080018CC3E;
			remoteInfo = "WSJ-RSS";
		};
		ADCC5CD9235BAF090018CC3E /* PBXContainerItemProxy */ = {
			isa = PBXContainerItemProxy;
			containerPortal = ADCC5CAF235BAF080018CC3E /* Project object */;
			proxyType = 1;
			remoteGlobalIDString = ADCC5CB6235BAF080018CC3E;
			remoteInfo = "WSJ-RSS";
		};
/* End PBXContainerItemProxy section */

/* Begin PBXFileReference section */
		AD25DC86235C26F8002ABD22 /* RSSChannelService.swift */ = {isa = PBXFileReference; lastKnownFileType = sourcecode.swift; path = RSSChannelService.swift; sourceTree = "<group>"; };
		AD25DC89235CE569002ABD22 /* RSSFeedTableViewController.swift */ = {isa = PBXFileReference; lastKnownFileType = sourcecode.swift; path = RSSFeedTableViewController.swift; sourceTree = "<group>"; };
		AD25DC8B235CE946002ABD22 /* RSSFeed.swift */ = {isa = PBXFileReference; lastKnownFileType = sourcecode.swift; path = RSSFeed.swift; sourceTree = "<group>"; };
		AD25DC8D235CE9A9002ABD22 /* RSSFeedPresenter.swift */ = {isa = PBXFileReference; lastKnownFileType = sourcecode.swift; path = RSSFeedPresenter.swift; sourceTree = "<group>"; };
		AD25DC9F235CF60C002ABD22 /* RSSFeedTableViewCell.swift */ = {isa = PBXFileReference; lastKnownFileType = sourcecode.swift; path = RSSFeedTableViewCell.swift; sourceTree = "<group>"; };
		AD25DCA1235CFD13002ABD22 /* RSSFeedService.swift */ = {isa = PBXFileReference; lastKnownFileType = sourcecode.swift; path = RSSFeedService.swift; sourceTree = "<group>"; };
		AD25DCA4235CFE65002ABD22 /* XMLFeedParser.swift */ = {isa = PBXFileReference; lastKnownFileType = sourcecode.swift; path = XMLFeedParser.swift; sourceTree = "<group>"; };
		AD7159F5235FC3DC00F41D7D /* DateDisplayParser.swift */ = {isa = PBXFileReference; lastKnownFileType = sourcecode.swift; path = DateDisplayParser.swift; sourceTree = "<group>"; };
		ADBB9956235E02AA000E767F /* RSSFeedMap.swift */ = {isa = PBXFileReference; lastKnownFileType = sourcecode.swift; path = RSSFeedMap.swift; sourceTree = "<group>"; };
		ADBB9959235E1376000E767F /* CommonWebViewController.swift */ = {isa = PBXFileReference; lastKnownFileType = sourcecode.swift; path = CommonWebViewController.swift; sourceTree = "<group>"; };
		ADCC5CB7235BAF080018CC3E /* WSJ-RSS.app */ = {isa = PBXFileReference; explicitFileType = wrapper.application; includeInIndex = 0; path = "WSJ-RSS.app"; sourceTree = BUILT_PRODUCTS_DIR; };
		ADCC5CBA235BAF080018CC3E /* AppDelegate.swift */ = {isa = PBXFileReference; lastKnownFileType = sourcecode.swift; path = AppDelegate.swift; sourceTree = "<group>"; };
		ADCC5CBC235BAF080018CC3E /* SceneDelegate.swift */ = {isa = PBXFileReference; lastKnownFileType = sourcecode.swift; path = SceneDelegate.swift; sourceTree = "<group>"; };
		ADCC5CC1235BAF080018CC3E /* Base */ = {isa = PBXFileReference; lastKnownFileType = file.storyboard; name = Base; path = Base.lproj/Main.storyboard; sourceTree = "<group>"; };
		ADCC5CC3235BAF080018CC3E /* Assets.xcassets */ = {isa = PBXFileReference; lastKnownFileType = folder.assetcatalog; path = Assets.xcassets; sourceTree = "<group>"; };
		ADCC5CC6235BAF080018CC3E /* Base */ = {isa = PBXFileReference; lastKnownFileType = file.storyboard; name = Base; path = Base.lproj/LaunchScreen.storyboard; sourceTree = "<group>"; };
		ADCC5CC8235BAF080018CC3E /* Info.plist */ = {isa = PBXFileReference; lastKnownFileType = text.plist.xml; path = Info.plist; sourceTree = "<group>"; };
		ADCC5CCD235BAF090018CC3E /* WSJ-RSSTests.xctest */ = {isa = PBXFileReference; explicitFileType = wrapper.cfbundle; includeInIndex = 0; path = "WSJ-RSSTests.xctest"; sourceTree = BUILT_PRODUCTS_DIR; };
		ADCC5CD1235BAF090018CC3E /* WSJ_RSSTests.swift */ = {isa = PBXFileReference; lastKnownFileType = sourcecode.swift; path = WSJ_RSSTests.swift; sourceTree = "<group>"; };
		ADCC5CD3235BAF090018CC3E /* Info.plist */ = {isa = PBXFileReference; lastKnownFileType = text.plist.xml; path = Info.plist; sourceTree = "<group>"; };
		ADCC5CD8235BAF090018CC3E /* WSJ-RSSUITests.xctest */ = {isa = PBXFileReference; explicitFileType = wrapper.cfbundle; includeInIndex = 0; path = "WSJ-RSSUITests.xctest"; sourceTree = BUILT_PRODUCTS_DIR; };
		ADCC5CDC235BAF090018CC3E /* WSJ_RSSUITests.swift */ = {isa = PBXFileReference; lastKnownFileType = sourcecode.swift; path = WSJ_RSSUITests.swift; sourceTree = "<group>"; };
		ADCC5CDE235BAF090018CC3E /* Info.plist */ = {isa = PBXFileReference; lastKnownFileType = text.plist.xml; path = Info.plist; sourceTree = "<group>"; };
		ADCC5CEB235BAF800018CC3E /* RSSChannel.swift */ = {isa = PBXFileReference; lastKnownFileType = sourcecode.swift; path = RSSChannel.swift; sourceTree = "<group>"; };
		ADCC5CF0235BB0C20018CC3E /* RSSChannelTableViewController.swift */ = {isa = PBXFileReference; lastKnownFileType = sourcecode.swift; path = RSSChannelTableViewController.swift; sourceTree = "<group>"; };
		ADCC5CF2235BB4FF0018CC3E /* RSSChannelTableViewCell.swift */ = {isa = PBXFileReference; lastKnownFileType = sourcecode.swift; path = RSSChannelTableViewCell.swift; sourceTree = "<group>"; };
		ADCC5CF5235BC6500018CC3E /* channels.plist */ = {isa = PBXFileReference; lastKnownFileType = text.plist.xml; path = channels.plist; sourceTree = "<group>"; };
		ADCC5CF7235BF5230018CC3E /* DataExtractor.swift */ = {isa = PBXFileReference; lastKnownFileType = sourcecode.swift; path = DataExtractor.swift; sourceTree = "<group>"; };
		ADCC5CF9235C21040018CC3E /* RSSChannelPresenter.swift */ = {isa = PBXFileReference; lastKnownFileType = sourcecode.swift; path = RSSChannelPresenter.swift; sourceTree = "<group>"; };
/* End PBXFileReference section */

/* Begin PBXFrameworksBuildPhase section */
		ADCC5CB4235BAF080018CC3E /* Frameworks */ = {
			isa = PBXFrameworksBuildPhase;
			buildActionMask = 2147483647;
			files = (
			);
			runOnlyForDeploymentPostprocessing = 0;
		};
		ADCC5CCA235BAF090018CC3E /* Frameworks */ = {
			isa = PBXFrameworksBuildPhase;
			buildActionMask = 2147483647;
			files = (
			);
			runOnlyForDeploymentPostprocessing = 0;
		};
		ADCC5CD5235BAF090018CC3E /* Frameworks */ = {
			isa = PBXFrameworksBuildPhase;
			buildActionMask = 2147483647;
			files = (
			);
			runOnlyForDeploymentPostprocessing = 0;
		};
/* End PBXFrameworksBuildPhase section */

/* Begin PBXGroup section */
		AD25DC88235CE52F002ABD22 /* RSSFeed */ = {
			isa = PBXGroup;
			children = (
				AD25DC89235CE569002ABD22 /* RSSFeedTableViewController.swift */,
				AD25DC8B235CE946002ABD22 /* RSSFeed.swift */,
				AD25DC8D235CE9A9002ABD22 /* RSSFeedPresenter.swift */,
				AD25DC9F235CF60C002ABD22 /* RSSFeedTableViewCell.swift */,
				AD25DCA1235CFD13002ABD22 /* RSSFeedService.swift */,
				ADBB9956235E02AA000E767F /* RSSFeedMap.swift */,
			);
			path = RSSFeed;
			sourceTree = "<group>";
		};
		AD25DCA3235CFE4E002ABD22 /* Utils */ = {
			isa = PBXGroup;
			children = (
				AD25DCA4235CFE65002ABD22 /* XMLFeedParser.swift */,
				AD7159F5235FC3DC00F41D7D /* DateDisplayParser.swift */,
			);
			path = Utils;
			sourceTree = "<group>";
		};
		ADBB9958235E135C000E767F /* Commons */ = {
			isa = PBXGroup;
			children = (
				ADBB9959235E1376000E767F /* CommonWebViewController.swift */,
			);
			path = Commons;
			sourceTree = "<group>";
		};
		ADCC5CAE235BAF080018CC3E = {
			isa = PBXGroup;
			children = (
				ADCC5CB9235BAF080018CC3E /* WSJ-RSS */,
				ADCC5CD0235BAF090018CC3E /* WSJ-RSSTests */,
				ADCC5CDB235BAF090018CC3E /* WSJ-RSSUITests */,
				ADCC5CB8235BAF080018CC3E /* Products */,
			);
			sourceTree = "<group>";
		};
		ADCC5CB8235BAF080018CC3E /* Products */ = {
			isa = PBXGroup;
			children = (
				ADCC5CB7235BAF080018CC3E /* WSJ-RSS.app */,
				ADCC5CCD235BAF090018CC3E /* WSJ-RSSTests.xctest */,
				ADCC5CD8235BAF090018CC3E /* WSJ-RSSUITests.xctest */,
			);
			name = Products;
			sourceTree = "<group>";
		};
		ADCC5CB9235BAF080018CC3E /* WSJ-RSS */ = {
			isa = PBXGroup;
			children = (
				ADBB9958235E135C000E767F /* Commons */,
				AD25DCA3235CFE4E002ABD22 /* Utils */,
				AD25DC88235CE52F002ABD22 /* RSSFeed */,
				ADCC5CF4235BC6000018CC3E /* LocalData */,
				ADCC5CEF235BB0A10018CC3E /* RSSChannel */,
				ADCC5CBA235BAF080018CC3E /* AppDelegate.swift */,
				ADCC5CBC235BAF080018CC3E /* SceneDelegate.swift */,
				ADCC5CC0235BAF080018CC3E /* Main.storyboard */,
				ADCC5CC3235BAF080018CC3E /* Assets.xcassets */,
				ADCC5CC5235BAF080018CC3E /* LaunchScreen.storyboard */,
				ADCC5CC8235BAF080018CC3E /* Info.plist */,
			);
			path = "WSJ-RSS";
			sourceTree = "<group>";
		};
		ADCC5CD0235BAF090018CC3E /* WSJ-RSSTests */ = {
			isa = PBXGroup;
			children = (
				ADCC5CD1235BAF090018CC3E /* WSJ_RSSTests.swift */,
				ADCC5CD3235BAF090018CC3E /* Info.plist */,
			);
			path = "WSJ-RSSTests";
			sourceTree = "<group>";
		};
		ADCC5CDB235BAF090018CC3E /* WSJ-RSSUITests */ = {
			isa = PBXGroup;
			children = (
				ADCC5CDC235BAF090018CC3E /* WSJ_RSSUITests.swift */,
				ADCC5CDE235BAF090018CC3E /* Info.plist */,
			);
			path = "WSJ-RSSUITests";
			sourceTree = "<group>";
		};
		ADCC5CEF235BB0A10018CC3E /* RSSChannel */ = {
			isa = PBXGroup;
			children = (
				ADCC5CEB235BAF800018CC3E /* RSSChannel.swift */,
				ADCC5CF0235BB0C20018CC3E /* RSSChannelTableViewController.swift */,
				ADCC5CF2235BB4FF0018CC3E /* RSSChannelTableViewCell.swift */,
				ADCC5CF9235C21040018CC3E /* RSSChannelPresenter.swift */,
				AD25DC86235C26F8002ABD22 /* RSSChannelService.swift */,
			);
			path = RSSChannel;
			sourceTree = "<group>";
		};
		ADCC5CF4235BC6000018CC3E /* LocalData */ = {
			isa = PBXGroup;
			children = (
				ADCC5CF5235BC6500018CC3E /* channels.plist */,
				ADCC5CF7235BF5230018CC3E /* DataExtractor.swift */,
			);
			path = LocalData;
			sourceTree = "<group>";
		};
/* End PBXGroup section */

/* Begin PBXNativeTarget section */
		ADCC5CB6235BAF080018CC3E /* WSJ-RSS */ = {
			isa = PBXNativeTarget;
			buildConfigurationList = ADCC5CE1235BAF090018CC3E /* Build configuration list for PBXNativeTarget "WSJ-RSS" */;
			buildPhases = (
				ADCC5CB3235BAF080018CC3E /* Sources */,
				ADCC5CB4235BAF080018CC3E /* Frameworks */,
				ADCC5CB5235BAF080018CC3E /* Resources */,
			);
			buildRules = (
			);
			dependencies = (
			);
			name = "WSJ-RSS";
			productName = "WSJ-RSS";
			productReference = ADCC5CB7235BAF080018CC3E /* WSJ-RSS.app */;
			productType = "com.apple.product-type.application";
		};
		ADCC5CCC235BAF090018CC3E /* WSJ-RSSTests */ = {
			isa = PBXNativeTarget;
			buildConfigurationList = ADCC5CE4235BAF090018CC3E /* Build configuration list for PBXNativeTarget "WSJ-RSSTests" */;
			buildPhases = (
				ADCC5CC9235BAF090018CC3E /* Sources */,
				ADCC5CCA235BAF090018CC3E /* Frameworks */,
				ADCC5CCB235BAF090018CC3E /* Resources */,
			);
			buildRules = (
			);
			dependencies = (
				ADCC5CCF235BAF090018CC3E /* PBXTargetDependency */,
			);
			name = "WSJ-RSSTests";
			productName = "WSJ-RSSTests";
			productReference = ADCC5CCD235BAF090018CC3E /* WSJ-RSSTests.xctest */;
			productType = "com.apple.product-type.bundle.unit-test";
		};
		ADCC5CD7235BAF090018CC3E /* WSJ-RSSUITests */ = {
			isa = PBXNativeTarget;
			buildConfigurationList = ADCC5CE7235BAF090018CC3E /* Build configuration list for PBXNativeTarget "WSJ-RSSUITests" */;
			buildPhases = (
				ADCC5CD4235BAF090018CC3E /* Sources */,
				ADCC5CD5235BAF090018CC3E /* Frameworks */,
				ADCC5CD6235BAF090018CC3E /* Resources */,
			);
			buildRules = (
			);
			dependencies = (
				ADCC5CDA235BAF090018CC3E /* PBXTargetDependency */,
			);
			name = "WSJ-RSSUITests";
			productName = "WSJ-RSSUITests";
			productReference = ADCC5CD8235BAF090018CC3E /* WSJ-RSSUITests.xctest */;
			productType = "com.apple.product-type.bundle.ui-testing";
		};
/* End PBXNativeTarget section */

/* Begin PBXProject section */
		ADCC5CAF235BAF080018CC3E /* Project object */ = {
			isa = PBXProject;
			attributes = {
				LastSwiftUpdateCheck = 1110;
				LastUpgradeCheck = 1110;
				ORGANIZATIONNAME = "PH Assignment";
				TargetAttributes = {
					ADCC5CB6235BAF080018CC3E = {
						CreatedOnToolsVersion = 11.1;
					};
					ADCC5CCC235BAF090018CC3E = {
						CreatedOnToolsVersion = 11.1;
						TestTargetID = ADCC5CB6235BAF080018CC3E;
					};
					ADCC5CD7235BAF090018CC3E = {
						CreatedOnToolsVersion = 11.1;
						TestTargetID = ADCC5CB6235BAF080018CC3E;
					};
				};
			};
			buildConfigurationList = ADCC5CB2235BAF080018CC3E /* Build configuration list for PBXProject "WSJ-RSS" */;
			compatibilityVersion = "Xcode 9.3";
			developmentRegion = en;
			hasScannedForEncodings = 0;
			knownRegions = (
				en,
				Base,
			);
			mainGroup = ADCC5CAE235BAF080018CC3E;
			productRefGroup = ADCC5CB8235BAF080018CC3E /* Products */;
			projectDirPath = "";
			projectRoot = "";
			targets = (
				ADCC5CB6235BAF080018CC3E /* WSJ-RSS */,
				ADCC5CCC235BAF090018CC3E /* WSJ-RSSTests */,
				ADCC5CD7235BAF090018CC3E /* WSJ-RSSUITests */,
			);
		};
/* End PBXProject section */

/* Begin PBXResourcesBuildPhase section */
		ADCC5CB5235BAF080018CC3E /* Resources */ = {
			isa = PBXResourcesBuildPhase;
			buildActionMask = 2147483647;
			files = (
				ADCC5CF6235BC6500018CC3E /* channels.plist in Resources */,
				ADCC5CC7235BAF080018CC3E /* LaunchScreen.storyboard in Resources */,
				ADCC5CC4235BAF080018CC3E /* Assets.xcassets in Resources */,
				ADCC5CC2235BAF080018CC3E /* Main.storyboard in Resources */,
			);
			runOnlyForDeploymentPostprocessing = 0;
		};
		ADCC5CCB235BAF090018CC3E /* Resources */ = {
			isa = PBXResourcesBuildPhase;
			buildActionMask = 2147483647;
			files = (
			);
			runOnlyForDeploymentPostprocessing = 0;
		};
		ADCC5CD6235BAF090018CC3E /* Resources */ = {
			isa = PBXResourcesBuildPhase;
			buildActionMask = 2147483647;
			files = (
			);
			runOnlyForDeploymentPostprocessing = 0;
		};
/* End PBXResourcesBuildPhase section */

/* Begin PBXSourcesBuildPhase section */
		ADCC5CB3235BAF080018CC3E /* Sources */ = {
			isa = PBXSourcesBuildPhase;
			buildActionMask = 2147483647;
			files = (
				ADCC5CEC235BAF800018CC3E /* RSSChannel.swift in Sources */,
				ADCC5CBB235BAF080018CC3E /* AppDelegate.swift in Sources */,
				ADBB9957235E02AA000E767F /* RSSFeedMap.swift in Sources */,
				ADCC5CF3235BB4FF0018CC3E /* RSSChannelTableViewCell.swift in Sources */,
				AD25DC8E235CE9A9002ABD22 /* RSSFeedPresenter.swift in Sources */,
				AD25DCA5235CFE65002ABD22 /* XMLFeedParser.swift in Sources */,
				ADCC5CF1235BB0C20018CC3E /* RSSChannelTableViewController.swift in Sources */,
				AD25DC87235C26F8002ABD22 /* RSSChannelService.swift in Sources */,
				AD25DCA2235CFD13002ABD22 /* RSSFeedService.swift in Sources */,
				AD25DC85235C26D7002ABD22 /* RSSChannelPresenter.swift in Sources */,
				ADCC5CF8235BF5230018CC3E /* DataExtractor.swift in Sources */,
				AD25DCA0235CF60C002ABD22 /* RSSFeedTableViewCell.swift in Sources */,
				AD7159F6235FC3DC00F41D7D /* DateDisplayParser.swift in Sources */,
				ADCC5CBD235BAF080018CC3E /* SceneDelegate.swift in Sources */,
				AD25DC8C235CE946002ABD22 /* RSSFeed.swift in Sources */,
				ADBB995A235E1376000E767F /* CommonWebViewController.swift in Sources */,
				AD25DC8A235CE569002ABD22 /* RSSFeedTableViewController.swift in Sources */,
			);
			runOnlyForDeploymentPostprocessing = 0;
		};
		ADCC5CC9235BAF090018CC3E /* Sources */ = {
			isa = PBXSourcesBuildPhase;
			buildActionMask = 2147483647;
			files = (
				ADCC5CD2235BAF090018CC3E /* WSJ_RSSTests.swift in Sources */,
			);
			runOnlyForDeploymentPostprocessing = 0;
		};
		ADCC5CD4235BAF090018CC3E /* Sources */ = {
			isa = PBXSourcesBuildPhase;
			buildActionMask = 2147483647;
			files = (
				ADCC5CDD235BAF090018CC3E /* WSJ_RSSUITests.swift in Sources */,
			);
			runOnlyForDeploymentPostprocessing = 0;
		};
/* End PBXSourcesBuildPhase section */

/* Begin PBXTargetDependency section */
		ADCC5CCF235BAF090018CC3E /* PBXTargetDependency */ = {
			isa = PBXTargetDependency;
			target = ADCC5CB6235BAF080018CC3E /* WSJ-RSS */;
			targetProxy = ADCC5CCE235BAF090018CC3E /* PBXContainerItemProxy */;
		};
		ADCC5CDA235BAF090018CC3E /* PBXTargetDependency */ = {
			isa = PBXTargetDependency;
			target = ADCC5CB6235BAF080018CC3E /* WSJ-RSS */;
			targetProxy = ADCC5CD9235BAF090018CC3E /* PBXContainerItemProxy */;
		};
/* End PBXTargetDependency section */

/* Begin PBXVariantGroup section */
		ADCC5CC0235BAF080018CC3E /* Main.storyboard */ = {
			isa = PBXVariantGroup;
			children = (
				ADCC5CC1235BAF080018CC3E /* Base */,
			);
			name = Main.storyboard;
			sourceTree = "<group>";
		};
		ADCC5CC5235BAF080018CC3E /* LaunchScreen.storyboard */ = {
			isa = PBXVariantGroup;
			children = (
				ADCC5CC6235BAF080018CC3E /* Base */,
			);
			name = LaunchScreen.storyboard;
			sourceTree = "<group>";
		};
/* End PBXVariantGroup section */

/* Begin XCBuildConfiguration section */
		ADCC5CDF235BAF090018CC3E /* Debug */ = {
			isa = XCBuildConfiguration;
			buildSettings = {
				ALWAYS_SEARCH_USER_PATHS = NO;
				CLANG_ANALYZER_NONNULL = YES;
				CLANG_ANALYZER_NUMBER_OBJECT_CONVERSION = YES_AGGRESSIVE;
				CLANG_CXX_LANGUAGE_STANDARD = "gnu++14";
				CLANG_CXX_LIBRARY = "libc++";
				CLANG_ENABLE_MODULES = YES;
				CLANG_ENABLE_OBJC_ARC = YES;
				CLANG_ENABLE_OBJC_WEAK = YES;
				CLANG_WARN_BLOCK_CAPTURE_AUTORELEASING = YES;
				CLANG_WARN_BOOL_CONVERSION = YES;
				CLANG_WARN_COMMA = YES;
				CLANG_WARN_CONSTANT_CONVERSION = YES;
				CLANG_WARN_DEPRECATED_OBJC_IMPLEMENTATIONS = YES;
				CLANG_WARN_DIRECT_OBJC_ISA_USAGE = YES_ERROR;
				CLANG_WARN_DOCUMENTATION_COMMENTS = YES;
				CLANG_WARN_EMPTY_BODY = YES;
				CLANG_WARN_ENUM_CONVERSION = YES;
				CLANG_WARN_INFINITE_RECURSION = YES;
				CLANG_WARN_INT_CONVERSION = YES;
				CLANG_WARN_NON_LITERAL_NULL_CONVERSION = YES;
				CLANG_WARN_OBJC_IMPLICIT_RETAIN_SELF = YES;
				CLANG_WARN_OBJC_LITERAL_CONVERSION = YES;
				CLANG_WARN_OBJC_ROOT_CLASS = YES_ERROR;
				CLANG_WARN_RANGE_LOOP_ANALYSIS = YES;
				CLANG_WARN_STRICT_PROTOTYPES = YES;
				CLANG_WARN_SUSPICIOUS_MOVE = YES;
				CLANG_WARN_UNGUARDED_AVAILABILITY = YES_AGGRESSIVE;
				CLANG_WARN_UNREACHABLE_CODE = YES;
				CLANG_WARN__DUPLICATE_METHOD_MATCH = YES;
				COPY_PHASE_STRIP = NO;
				DEBUG_INFORMATION_FORMAT = dwarf;
				ENABLE_STRICT_OBJC_MSGSEND = YES;
				ENABLE_TESTABILITY = YES;
				GCC_C_LANGUAGE_STANDARD = gnu11;
				GCC_DYNAMIC_NO_PIC = NO;
				GCC_NO_COMMON_BLOCKS = YES;
				GCC_OPTIMIZATION_LEVEL = 0;
				GCC_PREPROCESSOR_DEFINITIONS = (
					"DEBUG=1",
					"$(inherited)",
				);
				GCC_WARN_64_TO_32_BIT_CONVERSION = YES;
				GCC_WARN_ABOUT_RETURN_TYPE = YES_ERROR;
				GCC_WARN_UNDECLARED_SELECTOR = YES;
				GCC_WARN_UNINITIALIZED_AUTOS = YES_AGGRESSIVE;
				GCC_WARN_UNUSED_FUNCTION = YES;
				GCC_WARN_UNUSED_VARIABLE = YES;
				IPHONEOS_DEPLOYMENT_TARGET = 13.1;
				MTL_ENABLE_DEBUG_INFO = INCLUDE_SOURCE;
				MTL_FAST_MATH = YES;
				ONLY_ACTIVE_ARCH = YES;
				SDKROOT = iphoneos;
				SWIFT_ACTIVE_COMPILATION_CONDITIONS = DEBUG;
				SWIFT_OPTIMIZATION_LEVEL = "-Onone";
			};
			name = Debug;
		};
		ADCC5CE0235BAF090018CC3E /* Release */ = {
			isa = XCBuildConfiguration;
			buildSettings = {
				ALWAYS_SEARCH_USER_PATHS = NO;
				CLANG_ANALYZER_NONNULL = YES;
				CLANG_ANALYZER_NUMBER_OBJECT_CONVERSION = YES_AGGRESSIVE;
				CLANG_CXX_LANGUAGE_STANDARD = "gnu++14";
				CLANG_CXX_LIBRARY = "libc++";
				CLANG_ENABLE_MODULES = YES;
				CLANG_ENABLE_OBJC_ARC = YES;
				CLANG_ENABLE_OBJC_WEAK = YES;
				CLANG_WARN_BLOCK_CAPTURE_AUTORELEASING = YES;
				CLANG_WARN_BOOL_CONVERSION = YES;
				CLANG_WARN_COMMA = YES;
				CLANG_WARN_CONSTANT_CONVERSION = YES;
				CLANG_WARN_DEPRECATED_OBJC_IMPLEMENTATIONS = YES;
				CLANG_WARN_DIRECT_OBJC_ISA_USAGE = YES_ERROR;
				CLANG_WARN_DOCUMENTATION_COMMENTS = YES;
				CLANG_WARN_EMPTY_BODY = YES;
				CLANG_WARN_ENUM_CONVERSION = YES;
				CLANG_WARN_INFINITE_RECURSION = YES;
				CLANG_WARN_INT_CONVERSION = YES;
				CLANG_WARN_NON_LITERAL_NULL_CONVERSION = YES;
				CLANG_WARN_OBJC_IMPLICIT_RETAIN_SELF = YES;
				CLANG_WARN_OBJC_LITERAL_CONVERSION = YES;
				CLANG_WARN_OBJC_ROOT_CLASS = YES_ERROR;
				CLANG_WARN_RANGE_LOOP_ANALYSIS = YES;
				CLANG_WARN_STRICT_PROTOTYPES = YES;
				CLANG_WARN_SUSPICIOUS_MOVE = YES;
				CLANG_WARN_UNGUARDED_AVAILABILITY = YES_AGGRESSIVE;
				CLANG_WARN_UNREACHABLE_CODE = YES;
				CLANG_WARN__DUPLICATE_METHOD_MATCH = YES;
				COPY_PHASE_STRIP = NO;
				DEBUG_INFORMATION_FORMAT = "dwarf-with-dsym";
				ENABLE_NS_ASSERTIONS = NO;
				ENABLE_STRICT_OBJC_MSGSEND = YES;
				GCC_C_LANGUAGE_STANDARD = gnu11;
				GCC_NO_COMMON_BLOCKS = YES;
				GCC_WARN_64_TO_32_BIT_CONVERSION = YES;
				GCC_WARN_ABOUT_RETURN_TYPE = YES_ERROR;
				GCC_WARN_UNDECLARED_SELECTOR = YES;
				GCC_WARN_UNINITIALIZED_AUTOS = YES_AGGRESSIVE;
				GCC_WARN_UNUSED_FUNCTION = YES;
				GCC_WARN_UNUSED_VARIABLE = YES;
				IPHONEOS_DEPLOYMENT_TARGET = 13.1;
				MTL_ENABLE_DEBUG_INFO = NO;
				MTL_FAST_MATH = YES;
				SDKROOT = iphoneos;
				SWIFT_COMPILATION_MODE = wholemodule;
				SWIFT_OPTIMIZATION_LEVEL = "-O";
				VALIDATE_PRODUCT = YES;
			};
			name = Release;
		};
		ADCC5CE2235BAF090018CC3E /* Debug */ = {
			isa = XCBuildConfiguration;
			buildSettings = {
				ASSETCATALOG_COMPILER_APPICON_NAME = AppIcon;
				CODE_SIGN_STYLE = Automatic;
				DEVELOPMENT_TEAM = D9AZY7XZKV;
				INFOPLIST_FILE = "WSJ-RSS/Info.plist";
				LD_RUNPATH_SEARCH_PATHS = (
					"$(inherited)",
					"@executable_path/Frameworks",
				);
				PRODUCT_BUNDLE_IDENTIFIER = "org.phu.assignment.WSJ-RSS";
				PRODUCT_NAME = "$(TARGET_NAME)";
				SWIFT_VERSION = 5.0;
				TARGETED_DEVICE_FAMILY = "1,2";
			};
			name = Debug;
		};
		ADCC5CE3235BAF090018CC3E /* Release */ = {
			isa = XCBuildConfiguration;
			buildSettings = {
				ASSETCATALOG_COMPILER_APPICON_NAME = AppIcon;
				CODE_SIGN_STYLE = Automatic;
				DEVELOPMENT_TEAM = D9AZY7XZKV;
				INFOPLIST_FILE = "WSJ-RSS/Info.plist";
				LD_RUNPATH_SEARCH_PATHS = (
					"$(inherited)",
					"@executable_path/Frameworks",
				);
				PRODUCT_BUNDLE_IDENTIFIER = "org.phu.assignment.WSJ-RSS";
				PRODUCT_NAME = "$(TARGET_NAME)";
				SWIFT_VERSION = 5.0;
				TARGETED_DEVICE_FAMILY = "1,2";
			};
			name = Release;
		};
		ADCC5CE5235BAF090018CC3E /* Debug */ = {
			isa = XCBuildConfiguration;
			buildSettings = {
				ALWAYS_EMBED_SWIFT_STANDARD_LIBRARIES = YES;
				BUNDLE_LOADER = "$(TEST_HOST)";
				CODE_SIGN_STYLE = Automatic;
				INFOPLIST_FILE = "WSJ-RSSTests/Info.plist";
				IPHONEOS_DEPLOYMENT_TARGET = 13.1;
				LD_RUNPATH_SEARCH_PATHS = (
					"$(inherited)",
					"@executable_path/Frameworks",
					"@loader_path/Frameworks",
				);
				PRODUCT_BUNDLE_IDENTIFIER = "org.phu.assignment.WSJ-RSSTests";
				PRODUCT_NAME = "$(TARGET_NAME)";
				SWIFT_VERSION = 5.0;
				TARGETED_DEVICE_FAMILY = "1,2";
				TEST_HOST = "$(BUILT_PRODUCTS_DIR)/WSJ-RSS.app/WSJ-RSS";
			};
			name = Debug;
		};
		ADCC5CE6235BAF090018CC3E /* Release */ = {
			isa = XCBuildConfiguration;
			buildSettings = {
				ALWAYS_EMBED_SWIFT_STANDARD_LIBRARIES = YES;
				BUNDLE_LOADER = "$(TEST_HOST)";
				CODE_SIGN_STYLE = Automatic;
				INFOPLIST_FILE = "WSJ-RSSTests/Info.plist";
				IPHONEOS_DEPLOYMENT_TARGET = 13.1;
				LD_RUNPATH_SEARCH_PATHS = (
					"$(inherited)",
					"@executable_path/Frameworks",
					"@loader_path/Frameworks",
				);
				PRODUCT_BUNDLE_IDENTIFIER = "org.phu.assignment.WSJ-RSSTests";
				PRODUCT_NAME = "$(TARGET_NAME)";
				SWIFT_VERSION = 5.0;
				TARGETED_DEVICE_FAMILY = "1,2";
				TEST_HOST = "$(BUILT_PRODUCTS_DIR)/WSJ-RSS.app/WSJ-RSS";
			};
			name = Release;
		};
		ADCC5CE8235BAF090018CC3E /* Debug */ = {
			isa = XCBuildConfiguration;
			buildSettings = {
				ALWAYS_EMBED_SWIFT_STANDARD_LIBRARIES = YES;
				CODE_SIGN_STYLE = Automatic;
				INFOPLIST_FILE = "WSJ-RSSUITests/Info.plist";
				LD_RUNPATH_SEARCH_PATHS = (
					"$(inherited)",
					"@executable_path/Frameworks",
					"@loader_path/Frameworks",
				);
				PRODUCT_BUNDLE_IDENTIFIER = "org.phu.assignment.WSJ-RSSUITests";
				PRODUCT_NAME = "$(TARGET_NAME)";
				SWIFT_VERSION = 5.0;
				TARGETED_DEVICE_FAMILY = "1,2";
				TEST_TARGET_NAME = "WSJ-RSS";
			};
			name = Debug;
		};
		ADCC5CE9235BAF090018CC3E /* Release */ = {
			isa = XCBuildConfiguration;
			buildSettings = {
				ALWAYS_EMBED_SWIFT_STANDARD_LIBRARIES = YES;
				CODE_SIGN_STYLE = Automatic;
				INFOPLIST_FILE = "WSJ-RSSUITests/Info.plist";
				LD_RUNPATH_SEARCH_PATHS = (
					"$(inherited)",
					"@executable_path/Frameworks",
					"@loader_path/Frameworks",
				);
				PRODUCT_BUNDLE_IDENTIFIER = "org.phu.assignment.WSJ-RSSUITests";
				PRODUCT_NAME = "$(TARGET_NAME)";
				SWIFT_VERSION = 5.0;
				TARGETED_DEVICE_FAMILY = "1,2";
				TEST_TARGET_NAME = "WSJ-RSS";
			};
			name = Release;
		};
/* End XCBuildConfiguration section */

/* Begin XCConfigurationList section */
		ADCC5CB2235BAF080018CC3E /* Build configuration list for PBXProject "WSJ-RSS" */ = {
			isa = XCConfigurationList;
			buildConfigurations = (
				ADCC5CDF235BAF090018CC3E /* Debug */,
				ADCC5CE0235BAF090018CC3E /* Release */,
			);
			defaultConfigurationIsVisible = 0;
			defaultConfigurationName = Release;
		};
		ADCC5CE1235BAF090018CC3E /* Build configuration list for PBXNativeTarget "WSJ-RSS" */ = {
			isa = XCConfigurationList;
			buildConfigurations = (
				ADCC5CE2235BAF090018CC3E /* Debug */,
				ADCC5CE3235BAF090018CC3E /* Release */,
			);
			defaultConfigurationIsVisible = 0;
			defaultConfigurationName = Release;
		};
		ADCC5CE4235BAF090018CC3E /* Build configuration list for PBXNativeTarget "WSJ-RSSTests" */ = {
			isa = XCConfigurationList;
			buildConfigurations = (
				ADCC5CE5235BAF090018CC3E /* Debug */,
				ADCC5CE6235BAF090018CC3E /* Release */,
			);
			defaultConfigurationIsVisible = 0;
			defaultConfigurationName = Release;
		};
		ADCC5CE7235BAF090018CC3E /* Build configuration list for PBXNativeTarget "WSJ-RSSUITests" */ = {
			isa = XCConfigurationList;
			buildConfigurations = (
				ADCC5CE8235BAF090018CC3E /* Debug */,
				ADCC5CE9235BAF090018CC3E /* Release */,
			);
			defaultConfigurationIsVisible = 0;
			defaultConfigurationName = Release;
		};
/* End XCConfigurationList section */
	};
	rootObject = ADCC5CAF235BAF080018CC3E /* Project object */;
}
